
Microsoft Visual Studio Solution File, Format Version 12.00
# Visual Studio Version 17
VisualStudioVersion = 17.5.33502.453
MinimumVisualStudioVersion = 10.0.40219.1
Project("{9A19103F-16F7-4668-BE54-9A1E7A4F7556}") = "ServerioAPI", "ServerioAPI\ServerioAPI.csproj", "{2AB35BDC-74F5-4365-8435-39B5BE14F251}"
EndProject
Project("{54A90642-561A-4BB1-A94E-469ADEE60C69}") = "zaidimuweb", "ZaidimuWeb\zaidimuweb.esproj", "{0D4691EE-573B-4E4E-8DD5-9DDB7DF3E0FF}"
EndProject
Project("{9A19103F-16F7-4668-BE54-9A1E7A4F7556}") = "Domain", "Domain\Domain.csproj", "{35DB03FF-7418-41E2-AABF-E2C8DF5CDD30}"
EndProject
Project("{2150E333-8FDC-42A3-9474-1A3956D46DE8}") = "Core", "Core", "{39817329-4EFB-444E-B277-598D524A9B4D}"
EndProject
Project("{9A19103F-16F7-4668-BE54-9A1E7A4F7556}") = "Services", "Services\Services.csproj", "{AD95713C-12AC-4F84-983E-7674A820782B}"
EndProject
Project("{9A19103F-16F7-4668-BE54-9A1E7A4F7556}") = "Services.Abstractions", "Services.Abstractions\Services.Abstractions.csproj", "{E73B9EE8-09BA-459D-8631-36EF0ABBEDD4}"
EndProject
Project("{9A19103F-16F7-4668-BE54-9A1E7A4F7556}") = "Contracts", "Contracts\Contracts.csproj", "{524DD871-8C78-47E5-B964-9C3CD7DCC97B}"
EndProject
Project("{2150E333-8FDC-42A3-9474-1A3956D46DE8}") = "Infrastructure", "Infrastructure", "{9E1460DC-48A8-4487-AE5E-DCA09BCE4E8F}"
EndProject
Project("{2150E333-8FDC-42A3-9474-1A3956D46DE8}") = "Persistence", "Persistence", "{6C22B0F8-0D08-43D4-A0E3-5C6D917F314D}"
EndProject
Project("{9A19103F-16F7-4668-BE54-9A1E7A4F7556}") = "PostgresDatabase", "PostgresDatabase\PostgresDatabase.csproj", "{4D48616F-3931-412C-8BAB-325A7CDB529C}"
EndProject
Project("{2150E333-8FDC-42A3-9474-1A3956D46DE8}") = "Process", "Process", "{37D6B70C-061D-47E3-9C96-C93922C74533}"
EndProject
Project("{FAE04EC0-301F-11D3-BF4B-00C04F79EFBC}") = "Enums", "Enums\Enums.csproj", "{53C4CA0F-8DD3-4550-91CF-7462966AB36D}"
EndProject
Project("{FAE04EC0-301F-11D3-BF4B-00C04F79EFBC}") = "ExternalProcesses", "ExternalProcesses\ExternalProcesses.csproj", "{8F0807C4-2C44-493E-9FD6-C5520BF8273B}"
EndProject
Project("{2150E333-8FDC-42A3-9474-1A3956D46DE8}") = "Presentation", "Presentation", "{CCC7B97A-754D-46B5-BA94-D8AC081612AB}"
EndProject
Global
	GlobalSection(SolutionConfigurationPlatforms) = preSolution
		Debug|Any CPU = Debug|Any CPU
		Release|Any CPU = Release|Any CPU
	EndGlobalSection
	GlobalSection(ProjectConfigurationPlatforms) = postSolution
		{2AB35BDC-74F5-4365-8435-39B5BE14F251}.Debug|Any CPU.ActiveCfg = Debug|Any CPU
		{2AB35BDC-74F5-4365-8435-39B5BE14F251}.Debug|Any CPU.Build.0 = Debug|Any CPU
		{2AB35BDC-74F5-4365-8435-39B5BE14F251}.Release|Any CPU.ActiveCfg = Release|Any CPU
		{2AB35BDC-74F5-4365-8435-39B5BE14F251}.Release|Any CPU.Build.0 = Release|Any CPU
		{0D4691EE-573B-4E4E-8DD5-9DDB7DF3E0FF}.Debug|Any CPU.ActiveCfg = Debug|Any CPU
		{0D4691EE-573B-4E4E-8DD5-9DDB7DF3E0FF}.Debug|Any CPU.Build.0 = Debug|Any CPU
		{0D4691EE-573B-4E4E-8DD5-9DDB7DF3E0FF}.Debug|Any CPU.Deploy.0 = Debug|Any CPU
		{0D4691EE-573B-4E4E-8DD5-9DDB7DF3E0FF}.Release|Any CPU.ActiveCfg = Release|Any CPU
		{0D4691EE-573B-4E4E-8DD5-9DDB7DF3E0FF}.Release|Any CPU.Build.0 = Release|Any CPU
		{0D4691EE-573B-4E4E-8DD5-9DDB7DF3E0FF}.Release|Any CPU.Deploy.0 = Release|Any CPU
		{35DB03FF-7418-41E2-AABF-E2C8DF5CDD30}.Debug|Any CPU.ActiveCfg = Debug|Any CPU
		{35DB03FF-7418-41E2-AABF-E2C8DF5CDD30}.Debug|Any CPU.Build.0 = Debug|Any CPU
		{35DB03FF-7418-41E2-AABF-E2C8DF5CDD30}.Release|Any CPU.ActiveCfg = Release|Any CPU
		{35DB03FF-7418-41E2-AABF-E2C8DF5CDD30}.Release|Any CPU.Build.0 = Release|Any CPU
		{AD95713C-12AC-4F84-983E-7674A820782B}.Debug|Any CPU.ActiveCfg = Debug|Any CPU
		{AD95713C-12AC-4F84-983E-7674A820782B}.Debug|Any CPU.Build.0 = Debug|Any CPU
		{AD95713C-12AC-4F84-983E-7674A820782B}.Release|Any CPU.ActiveCfg = Release|Any CPU
		{AD95713C-12AC-4F84-983E-7674A820782B}.Release|Any CPU.Build.0 = Release|Any CPU
		{E73B9EE8-09BA-459D-8631-36EF0ABBEDD4}.Debug|Any CPU.ActiveCfg = Debug|Any CPU
		{E73B9EE8-09BA-459D-8631-36EF0ABBEDD4}.Debug|Any CPU.Build.0 = Debug|Any CPU
		{E73B9EE8-09BA-459D-8631-36EF0ABBEDD4}.Release|Any CPU.ActiveCfg = Release|Any CPU
		{E73B9EE8-09BA-459D-8631-36EF0ABBEDD4}.Release|Any CPU.Build.0 = Release|Any CPU
		{524DD871-8C78-47E5-B964-9C3CD7DCC97B}.Debug|Any CPU.ActiveCfg = Debug|Any CPU
		{524DD871-8C78-47E5-B964-9C3CD7DCC97B}.Debug|Any CPU.Build.0 = Debug|Any CPU
		{524DD871-8C78-47E5-B964-9C3CD7DCC97B}.Release|Any CPU.ActiveCfg = Release|Any CPU
		{524DD871-8C78-47E5-B964-9C3CD7DCC97B}.Release|Any CPU.Build.0 = Release|Any CPU
		{4D48616F-3931-412C-8BAB-325A7CDB529C}.Debug|Any CPU.ActiveCfg = Debug|Any CPU
		{4D48616F-3931-412C-8BAB-325A7CDB529C}.Debug|Any CPU.Build.0 = Debug|Any CPU
		{4D48616F-3931-412C-8BAB-325A7CDB529C}.Release|Any CPU.ActiveCfg = Release|Any CPU
		{4D48616F-3931-412C-8BAB-325A7CDB529C}.Release|Any CPU.Build.0 = Release|Any CPU
		{53C4CA0F-8DD3-4550-91CF-7462966AB36D}.Debug|Any CPU.ActiveCfg = Debug|Any CPU
		{53C4CA0F-8DD3-4550-91CF-7462966AB36D}.Debug|Any CPU.Build.0 = Debug|Any CPU
		{53C4CA0F-8DD3-4550-91CF-7462966AB36D}.Release|Any CPU.ActiveCfg = Release|Any CPU
		{53C4CA0F-8DD3-4550-91CF-7462966AB36D}.Release|Any CPU.Build.0 = Release|Any CPU
		{8F0807C4-2C44-493E-9FD6-C5520BF8273B}.Debug|Any CPU.ActiveCfg = Debug|Any CPU
		{8F0807C4-2C44-493E-9FD6-C5520BF8273B}.Debug|Any CPU.Build.0 = Debug|Any CPU
		{8F0807C4-2C44-493E-9FD6-C5520BF8273B}.Release|Any CPU.ActiveCfg = Release|Any CPU
		{8F0807C4-2C44-493E-9FD6-C5520BF8273B}.Release|Any CPU.Build.0 = Release|Any CPU
	EndGlobalSection
	GlobalSection(SolutionProperties) = preSolution
		HideSolutionNode = FALSE
	EndGlobalSection
	GlobalSection(NestedProjects) = preSolution
		{2AB35BDC-74F5-4365-8435-39B5BE14F251} = {CCC7B97A-754D-46B5-BA94-D8AC081612AB}
		{0D4691EE-573B-4E4E-8DD5-9DDB7DF3E0FF} = {CCC7B97A-754D-46B5-BA94-D8AC081612AB}
		{35DB03FF-7418-41E2-AABF-E2C8DF5CDD30} = {39817329-4EFB-444E-B277-598D524A9B4D}
		{AD95713C-12AC-4F84-983E-7674A820782B} = {39817329-4EFB-444E-B277-598D524A9B4D}
		{E73B9EE8-09BA-459D-8631-36EF0ABBEDD4} = {39817329-4EFB-444E-B277-598D524A9B4D}
		{524DD871-8C78-47E5-B964-9C3CD7DCC97B} = {39817329-4EFB-444E-B277-598D524A9B4D}
		{6C22B0F8-0D08-43D4-A0E3-5C6D917F314D} = {9E1460DC-48A8-4487-AE5E-DCA09BCE4E8F}
		{4D48616F-3931-412C-8BAB-325A7CDB529C} = {6C22B0F8-0D08-43D4-A0E3-5C6D917F314D}
		{37D6B70C-061D-47E3-9C96-C93922C74533} = {9E1460DC-48A8-4487-AE5E-DCA09BCE4E8F}
		{53C4CA0F-8DD3-4550-91CF-7462966AB36D} = {39817329-4EFB-444E-B277-598D524A9B4D}
		{8F0807C4-2C44-493E-9FD6-C5520BF8273B} = {37D6B70C-061D-47E3-9C96-C93922C74533}
	EndGlobalSection
	GlobalSection(ExtensibilityGlobals) = postSolution
		SolutionGuid = {B972FD11-3639-422B-A9EA-C0BC577A08F6}
	EndGlobalSection
EndGlobal
